
Microsoft Visual Studio Solution File, Format Version 12.00
# Visual Studio Version 18
VisualStudioVersion = 18.6.0.0
MinimumVisualStudioVersion = 10.0.40219.1
Project("{9A19103F-16F7-4668-BE54-9A1E7A4F7556}") = "MeshWave", "MeshWave\MeshWave.csproj", "{400FC615-9FE2-4CE1-85AB-488328F46A2C}"
EndProject
Project("{9A19103F-16F7-4668-BE54-9A1E7A4F7556}") = "MeshWave.Common.Core", "MeshWave.Common.Core\MeshWave.Common.Core.csproj", "{4955D5CD-76A6-4072-A4F3-D6F8EDD8FC29}"
EndProject
Project("{9A19103F-16F7-4668-BE54-9A1E7A4F7556}") = "MeshWave.LibraryManager", "MeshWave.LibraryManager\MeshWave.LibraryManager.csproj", "{C0D4EB3B-B284-4EEC-BBDF-05B20404210C}"
EndProject
Project("{9A19103F-16F7-4668-BE54-9A1E7A4F7556}") = "MeshWave.Synchronizer", "MeshWave.Synchronizer\MeshWave.Synchronizer.csproj", "{4DCB9F66-9F85-495B-90F3-6B6B24BFC940}"
EndProject
Project("{9A19103F-16F7-4668-BE54-9A1E7A4F7556}") = "MeshWave.Common.Core.Tests", "MeshWave.Common.Core.Tests\MeshWave.Common.Core.Tests.csproj", "{E7778653-92DE-416A-BC3F-6FEE44C91C86}"
EndProject
Project("{9A19103F-16F7-4668-BE54-9A1E7A4F7556}") = "MeshWave.LibraryManager.Tests", "MeshWave.LibraryManager.Tests\MeshWave.LibraryManager.Tests.csproj", "{46A4B2EE-A500-45A7-97F5-6719CADA5940}"
EndProject
Project("{9A19103F-16F7-4668-BE54-9A1E7A4F7556}") = "MeshWave.Synchronizer.Tests", "MeshWave.Synchronizer.Tests\MeshWave.Synchronizer.Tests.csproj", "{1C722117-BA1A-4395-A75C-160CCB74886A}"
EndProject
Project("{2150E333-8FDC-42A3-9474-1A3956D46DE8}") = "Documentation", "Documentation", "{23C73E9A-2065-49DA-830F-9B85C544C619}"
	ProjectSection(SolutionItems) = preProject
		Documentation\Architecture.md = Documentation\Architecture.md
		Documentation\LibraryManagement.md = Documentation\LibraryManagement.md
		README.md = README.md
		Documentation\UserGuide.md = Documentation\UserGuide.md
	EndProjectSection
EndProject
Project("{2150E333-8FDC-42A3-9474-1A3956D46DE8}") = "ProjectPlan", "ProjectPlan", "{6B1E945E-80ED-4DBA-A0C2-01340A99899A}"
	ProjectSection(SolutionItems) = preProject
		ProjectPlan\Backlog.md = ProjectPlan\Backlog.md
		ProjectPlan\Roadmap.md = ProjectPlan\Roadmap.md
		ProjectPlan\Status.md = ProjectPlan\Status.md
	EndProjectSection
EndProject
Project("{FAE04EC0-301F-11D3-BF4B-00C04F79EFBC}") = "MeshWave.Bootstrap", "MeshWave.Bootstrap\MeshWave.Bootstrap.csproj", "{0025CFCE-A960-43C0-86C7-998CEFFF7C0E}"
EndProject
Global
	GlobalSection(SolutionConfigurationPlatforms) = preSolution
		Debug|Any CPU = Debug|Any CPU
		Debug|x64 = Debug|x64
		Debug|x86 = Debug|x86
		Release|Any CPU = Release|Any CPU
		Release|x64 = Release|x64
		Release|x86 = Release|x86
	EndGlobalSection
	GlobalSection(ProjectConfigurationPlatforms) = postSolution
		{400FC615-9FE2-4CE1-85AB-488328F46A2C}.Debug|Any CPU.ActiveCfg = Debug|Any CPU
		{400FC615-9FE2-4CE1-85AB-488328F46A2C}.Debug|Any CPU.Build.0 = Debug|Any CPU
		{400FC615-9FE2-4CE1-85AB-488328F46A2C}.Debug|x64.ActiveCfg = Debug|Any CPU
		{400FC615-9FE2-4CE1-85AB-488328F46A2C}.Debug|x64.Build.0 = Debug|Any CPU
		{400FC615-9FE2-4CE1-85AB-488328F46A2C}.Debug|x86.ActiveCfg = Debug|Any CPU
		{400FC615-9FE2-4CE1-85AB-488328F46A2C}.Debug|x86.Build.0 = Debug|Any CPU
		{400FC615-9FE2-4CE1-85AB-488328F46A2C}.Release|Any CPU.ActiveCfg = Release|Any CPU
		{400FC615-9FE2-4CE1-85AB-488328F46A2C}.Release|Any CPU.Build.0 = Release|Any CPU
		{400FC615-9FE2-4CE1-85AB-488328F46A2C}.Release|x64.ActiveCfg = Release|Any CPU
		{400FC615-9FE2-4CE1-85AB-488328F46A2C}.Release|x64.Build.0 = Release|Any CPU
		{400FC615-9FE2-4CE1-85AB-488328F46A2C}.Release|x86.ActiveCfg = Release|Any CPU
		{400FC615-9FE2-4CE1-85AB-488328F46A2C}.Release|x86.Build.0 = Release|Any CPU
		{4955D5CD-76A6-4072-A4F3-D6F8EDD8FC29}.Debug|Any CPU.ActiveCfg = Debug|Any CPU
		{4955D5CD-76A6-4072-A4F3-D6F8EDD8FC29}.Debug|Any CPU.Build.0 = Debug|Any CPU
		{4955D5CD-76A6-4072-A4F3-D6F8EDD8FC29}.Debug|x64.ActiveCfg = Debug|Any CPU
		{4955D5CD-76A6-4072-A4F3-D6F8EDD8FC29}.Debug|x64.Build.0 = Debug|Any CPU
		{4955D5CD-76A6-4072-A4F3-D6F8EDD8FC29}.Debug|x86.ActiveCfg = Debug|Any CPU
		{4955D5CD-76A6-4072-A4F3-D6F8EDD8FC29}.Debug|x86.Build.0 = Debug|Any CPU
		{4955D5CD-76A6-4072-A4F3-D6F8EDD8FC29}.Release|Any CPU.ActiveCfg = Release|Any CPU
		{4955D5CD-76A6-4072-A4F3-D6F8EDD8FC29}.Release|Any CPU.Build.0 = Release|Any CPU
		{4955D5CD-76A6-4072-A4F3-D6F8EDD8FC29}.Release|x64.ActiveCfg = Release|Any CPU
		{4955D5CD-76A6-4072-A4F3-D6F8EDD8FC29}.Release|x64.Build.0 = Release|Any CPU
		{4955D5CD-76A6-4072-A4F3-D6F8EDD8FC29}.Release|x86.ActiveCfg = Release|Any CPU
		{4955D5CD-76A6-4072-A4F3-D6F8EDD8FC29}.Release|x86.Build.0 = Release|Any CPU
		{C0D4EB3B-B284-4EEC-BBDF-05B20404210C}.Debug|Any CPU.ActiveCfg = Debug|Any CPU
		{C0D4EB3B-B284-4EEC-BBDF-05B20404210C}.Debug|Any CPU.Build.0 = Debug|Any CPU
		{C0D4EB3B-B284-4EEC-BBDF-05B20404210C}.Debug|x64.ActiveCfg = Debug|Any CPU
		{C0D4EB3B-B284-4EEC-BBDF-05B20404210C}.Debug|x64.Build.0 = Debug|Any CPU
		{C0D4EB3B-B284-4EEC-BBDF-05B20404210C}.Debug|x86.ActiveCfg = Debug|Any CPU
		{C0D4EB3B-B284-4EEC-BBDF-05B20404210C}.Debug|x86.Build.0 = Debug|Any CPU
		{C0D4EB3B-B284-4EEC-BBDF-05B20404210C}.Release|Any CPU.ActiveCfg = Release|Any CPU
		{C0D4EB3B-B284-4EEC-BBDF-05B20404210C}.Release|Any CPU.Build.0 = Release|Any CPU
		{C0D4EB3B-B284-4EEC-BBDF-05B20404210C}.Release|x64.ActiveCfg = Release|Any CPU
		{C0D4EB3B-B284-4EEC-BBDF-05B20404210C}.Release|x64.Build.0 = Release|Any CPU
		{C0D4EB3B-B284-4EEC-BBDF-05B20404210C}.Release|x86.ActiveCfg = Release|Any CPU
		{C0D4EB3B-B284-4EEC-BBDF-05B20404210C}.Release|x86.Build.0 = Release|Any CPU
		{4DCB9F66-9F85-495B-90F3-6B6B24BFC940}.Debug|Any CPU.ActiveCfg = Debug|Any CPU
		{4DCB9F66-9F85-495B-90F3-6B6B24BFC940}.Debug|Any CPU.Build.0 = Debug|Any CPU
		{4DCB9F66-9F85-495B-90F3-6B6B24BFC940}.Debug|x64.ActiveCfg = Debug|Any CPU
		{4DCB9F66-9F85-495B-90F3-6B6B24BFC940}.Debug|x64.Build.0 = Debug|Any CPU
		{4DCB9F66-9F85-495B-90F3-6B6B24BFC940}.Debug|x86.ActiveCfg = Debug|Any CPU
		{4DCB9F66-9F85-495B-90F3-6B6B24BFC940}.Debug|x86.Build.0 = Debug|Any CPU
		{4DCB9F66-9F85-495B-90F3-6B6B24BFC940}.Release|Any CPU.ActiveCfg = Release|Any CPU
		{4DCB9F66-9F85-495B-90F3-6B6B24BFC940}.Release|Any CPU.Build.0 = Release|Any CPU
		{4DCB9F66-9F85-495B-90F3-6B6B24BFC940}.Release|x64.ActiveCfg = Release|Any CPU
		{4DCB9F66-9F85-495B-90F3-6B6B24BFC940}.Release|x64.Build.0 = Release|Any CPU
		{4DCB9F66-9F85-495B-90F3-6B6B24BFC940}.Release|x86.ActiveCfg = Release|Any CPU
		{4DCB9F66-9F85-495B-90F3-6B6B24BFC940}.Release|x86.Build.0 = Release|Any CPU
		{E7778653-92DE-416A-BC3F-6FEE44C91C86}.Debug|Any CPU.ActiveCfg = Debug|Any CPU
		{E7778653-92DE-416A-BC3F-6FEE44C91C86}.Debug|Any CPU.Build.0 = Debug|Any CPU
		{E7778653-92DE-416A-BC3F-6FEE44C91C86}.Debug|x64.ActiveCfg = Debug|Any CPU
		{E7778653-92DE-416A-BC3F-6FEE44C91C86}.Debug|x64.Build.0 = Debug|Any CPU
		{E7778653-92DE-416A-BC3F-6FEE44C91C86}.Debug|x86.ActiveCfg = Debug|Any CPU
		{E7778653-92DE-416A-BC3F-6FEE44C91C86}.Debug|x86.Build.0 = Debug|Any CPU
		{E7778653-92DE-416A-BC3F-6FEE44C91C86}.Release|Any CPU.ActiveCfg = Release|Any CPU
		{E7778653-92DE-416A-BC3F-6FEE44C91C86}.Release|Any CPU.Build.0 = Release|Any CPU
		{E7778653-92DE-416A-BC3F-6FEE44C91C86}.Release|x64.ActiveCfg = Release|Any CPU
		{E7778653-92DE-416A-BC3F-6FEE44C91C86}.Release|x64.Build.0 = Release|Any CPU
		{E7778653-92DE-416A-BC3F-6FEE44C91C86}.Release|x86.ActiveCfg = Release|Any CPU
		{E7778653-92DE-416A-BC3F-6FEE44C91C86}.Release|x86.Build.0 = Release|Any CPU
		{46A4B2EE-A500-45A7-97F5-6719CADA5940}.Debug|Any CPU.ActiveCfg = Debug|Any CPU
		{46A4B2EE-A500-45A7-97F5-6719CADA5940}.Debug|Any CPU.Build.0 = Debug|Any CPU
		{46A4B2EE-A500-45A7-97F5-6719CADA5940}.Debug|x64.ActiveCfg = Debug|Any CPU
		{46A4B2EE-A500-45A7-97F5-6719CADA5940}.Debug|x64.Build.0 = Debug|Any CPU
		{46A4B2EE-A500-45A7-97F5-6719CADA5940}.Debug|x86.ActiveCfg = Debug|Any CPU
		{46A4B2EE-A500-45A7-97F5-6719CADA5940}.Debug|x86.Build.0 = Debug|Any CPU
		{46A4B2EE-A500-45A7-97F5-6719CADA5940}.Release|Any CPU.ActiveCfg = Release|Any CPU
		{46A4B2EE-A500-45A7-97F5-6719CADA5940}.Release|Any CPU.Build.0 = Release|Any CPU
		{46A4B2EE-A500-45A7-97F5-6719CADA5940}.Release|x64.ActiveCfg = Release|Any CPU
		{46A4B2EE-A500-45A7-97F5-6719CADA5940}.Release|x64.Build.0 = Release|Any CPU
		{46A4B2EE-A500-45A7-97F5-6719CADA5940}.Release|x86.ActiveCfg = Release|Any CPU
		{46A4B2EE-A500-45A7-97F5-6719CADA5940}.Release|x86.Build.0 = Release|Any CPU
		{1C722117-BA1A-4395-A75C-160CCB74886A}.Debug|Any CPU.ActiveCfg = Debug|Any CPU
		{1C722117-BA1A-4395-A75C-160CCB74886A}.Debug|Any CPU.Build.0 = Debug|Any CPU
		{1C722117-BA1A-4395-A75C-160CCB74886A}.Debug|x64.ActiveCfg = Debug|Any CPU
		{1C722117-BA1A-4395-A75C-160CCB74886A}.Debug|x64.Build.0 = Debug|Any CPU
		{1C722117-BA1A-4395-A75C-160CCB74886A}.Debug|x86.ActiveCfg = Debug|Any CPU
		{1C722117-BA1A-4395-A75C-160CCB74886A}.Debug|x86.Build.0 = Debug|Any CPU
		{1C722117-BA1A-4395-A75C-160CCB74886A}.Release|Any CPU.ActiveCfg = Release|Any CPU
		{1C722117-BA1A-4395-A75C-160CCB74886A}.Release|Any CPU.Build.0 = Release|Any CPU
		{1C722117-BA1A-4395-A75C-160CCB74886A}.Release|x64.ActiveCfg = Release|Any CPU
		{1C722117-BA1A-4395-A75C-160CCB74886A}.Release|x64.Build.0 = Release|Any CPU
		{1C722117-BA1A-4395-A75C-160CCB74886A}.Release|x86.ActiveCfg = Release|Any CPU
		{1C722117-BA1A-4395-A75C-160CCB74886A}.Release|x86.Build.0 = Release|Any CPU
		{0025CFCE-A960-43C0-86C7-998CEFFF7C0E}.Debug|Any CPU.ActiveCfg = Debug|Any CPU
		{0025CFCE-A960-43C0-86C7-998CEFFF7C0E}.Debug|Any CPU.Build.0 = Debug|Any CPU
		{0025CFCE-A960-43C0-86C7-998CEFFF7C0E}.Debug|x64.ActiveCfg = Debug|Any CPU
		{0025CFCE-A960-43C0-86C7-998CEFFF7C0E}.Debug|x64.Build.0 = Debug|Any CPU
		{0025CFCE-A960-43C0-86C7-998CEFFF7C0E}.Debug|x86.ActiveCfg = Debug|Any CPU
		{0025CFCE-A960-43C0-86C7-998CEFFF7C0E}.Debug|x86.Build.0 = Debug|Any CPU
		{0025CFCE-A960-43C0-86C7-998CEFFF7C0E}.Release|Any CPU.ActiveCfg = Release|Any CPU
		{0025CFCE-A960-43C0-86C7-998CEFFF7C0E}.Release|Any CPU.Build.0 = Release|Any CPU
		{0025CFCE-A960-43C0-86C7-998CEFFF7C0E}.Release|x64.ActiveCfg = Release|Any CPU
		{0025CFCE-A960-43C0-86C7-998CEFFF7C0E}.Release|x64.Build.0 = Release|Any CPU
		{0025CFCE-A960-43C0-86C7-998CEFFF7C0E}.Release|x86.ActiveCfg = Release|Any CPU
		{0025CFCE-A960-43C0-86C7-998CEFFF7C0E}.Release|x86.Build.0 = Release|Any CPU
	EndGlobalSection
	GlobalSection(SolutionProperties) = preSolution
		HideSolutionNode = FALSE
	EndGlobalSection
	GlobalSection(ExtensibilityGlobals) = postSolution
		SolutionGuid = {E36EA7C1-2E12-41C4-A7F4-59FA0174DFD6}
	EndGlobalSection
EndGlobal
