<?xml version="1.0" encoding="utf-8"?>
<Solution>
  <!-- Source Projects -->
  <Project Path="MeshWave/MeshWave.csproj" />
  <Project Path="MeshWave.Common.Core/MeshWave.Common.Core.csproj" />
  <Project Path="MeshWave.LibraryManager/MeshWave.LibraryManager.csproj" />
  <Project Path="MeshWave.Synchronizer/MeshWave.Synchronizer.csproj" />
  <Project Path="MeshWave.Bootstrap/MeshWave.Bootstrap.csproj" />
  <Project Path="MeshWave.Bootstrap.Core/MeshWave.Bootstrap.Core.csproj" />

  <!-- Test Projects -->
  <Project Path="MeshWave.Common.Core.Tests/MeshWave.Common.Core.Tests.csproj" />
  <Project Path="MeshWave.LibraryManager.Tests/MeshWave.LibraryManager.Tests.csproj" />
  <Project Path="MeshWave.Synchronizer.Tests/MeshWave.Synchronizer.Tests.csproj" />
  <Project Path="MeshWave.Integration.Tests/MeshWave.Integration.Tests.csproj" />

  <!-- Documentation Files -->
  <File Path="README.md" />
  <File Path="Documentation/Architecture.md" />
  <File Path="Documentation/LibraryManagement.md" />
  <File Path="Documentation/UserGuide.md" />

  <!-- Project Plan Files -->
  <File Path="ProjectPlan/Backlog.md" />
  <File Path="ProjectPlan/Roadmap.md" />
  <File Path="ProjectPlan/Status.md" />
</Solution>
